
Microsoft Visual Studio Solution File, Format Version 12.00
# Visual Studio Version 17
VisualStudioVersion = 17.8.34309.116
MinimumVisualStudioVersion = 10.0.40219.1
Project("{FAE04EC0-301F-11D3-BF4B-00C04F79EFBC}") = "CinemaSim", "CinemaSim\CinemaSim.csproj", "{975F3DB7-00BF-4C19-A02D-81571D3ACD75}"
EndProject
Global
	GlobalSection(SolutionConfigurationPlatforms) = preSolution
		Debug|Any CPU = Debug|Any CPU
		Release|Any CPU = Release|Any CPU
	EndGlobalSection
	GlobalSection(ProjectConfigurationPlatforms) = postSolution
		{975F3DB7-00BF-4C19-A02D-81571D3ACD75}.Debug|Any CPU.ActiveCfg = Debug|Any CPU
		{975F3DB7-00BF-4C19-A02D-81571D3ACD75}.Debug|Any CPU.Build.0 = Debug|Any CPU
		{975F3DB7-00BF-4C19-A02D-81571D3ACD75}.Release|Any CPU.ActiveCfg = Release|Any CPU
		{975F3DB7-00BF-4C19-A02D-81571D3ACD75}.Release|Any CPU.Build.0 = Release|Any CPU
	EndGlobalSection
	GlobalSection(SolutionProperties) = preSolution
		HideSolutionNode = FALSE
	EndGlobalSection
	GlobalSection(ExtensibilityGlobals) = postSolution
		SolutionGuid = {173B01F3-36C4-481A-ACCA-7A159992A703}
	EndGlobalSection
EndGlobal
